
Microsoft Visual Studio Solution File, Format Version 12.00
# Visual Studio Version 17
VisualStudioVersion = 17.3.32804.467
MinimumVisualStudioVersion = 10.0.40219.1
Project("{FAE04EC0-301F-11D3-BF4B-00C04F79EFBC}") = "GUI_Basis_xml", "GUI_Basis_xml\GUI_Basis_xml.csproj", "{FB8DF314-0DD1-4BA2-8340-EE2F59331E0D}"
EndProject
Global
	GlobalSection(SolutionConfigurationPlatforms) = preSolution
		Debug|Any CPU = Debug|Any CPU
		Release|Any CPU = Release|Any CPU
	EndGlobalSection
	GlobalSection(ProjectConfigurationPlatforms) = postSolution
		{FB8DF314-0DD1-4BA2-8340-EE2F59331E0D}.Debug|Any CPU.ActiveCfg = Debug|Any CPU
		{FB8DF314-0DD1-4BA2-8340-EE2F59331E0D}.Debug|Any CPU.Build.0 = Debug|Any CPU
		{FB8DF314-0DD1-4BA2-8340-EE2F59331E0D}.Release|Any CPU.ActiveCfg = Release|Any CPU
		{FB8DF314-0DD1-4BA2-8340-EE2F59331E0D}.Release|Any CPU.Build.0 = Release|Any CPU
	EndGlobalSection
	GlobalSection(SolutionProperties) = preSolution
		HideSolutionNode = FALSE
	EndGlobalSection
	GlobalSection(ExtensibilityGlobals) = postSolution
		SolutionGuid = {6CFBCDE5-009E-4932-87FD-99F798F302F3}
	EndGlobalSection
EndGlobal
